
Microsoft Visual Studio Solution File, Format Version 12.00
# Visual Studio Version 17
VisualStudioVersion = 17.7.34221.43
MinimumVisualStudioVersion = 10.0.40219.1
Project("{9A19103F-16F7-4668-BE54-9A1E7A4F7556}") = "TrilhaApiDesafio", "TrilhaApiDesafio.csproj", "{3F9D5F88-0DFF-4664-A36D-DABFC0D230EB}"
EndProject
Global
	GlobalSection(SolutionConfigurationPlatforms) = preSolution
		Debug|Any CPU = Debug|Any CPU
		Release|Any CPU = Release|Any CPU
	EndGlobalSection
	GlobalSection(ProjectConfigurationPlatforms) = postSolution
		{3F9D5F88-0DFF-4664-A36D-DABFC0D230EB}.Debug|Any CPU.ActiveCfg = Debug|Any CPU
		{3F9D5F88-0DFF-4664-A36D-DABFC0D230EB}.Debug|Any CPU.Build.0 = Debug|Any CPU
		{3F9D5F88-0DFF-4664-A36D-DABFC0D230EB}.Release|Any CPU.ActiveCfg = Release|Any CPU
		{3F9D5F88-0DFF-4664-A36D-DABFC0D230EB}.Release|Any CPU.Build.0 = Release|Any CPU
	EndGlobalSection
	GlobalSection(SolutionProperties) = preSolution
		HideSolutionNode = FALSE
	EndGlobalSection
	GlobalSection(ExtensibilityGlobals) = postSolution
		SolutionGuid = {39C22AA0-4840-40D6-AD20-4E48461259BD}
	EndGlobalSection
EndGlobal
